
Microsoft Visual Studio Solution File, Format Version 12.00
# Visual Studio 15
VisualStudioVersion = 15.0.27130.2020
MinimumVisualStudioVersion = 10.0.40219.1
Project("{FAE04EC0-301F-11D3-BF4B-00C04F79EFBC}") = "TrialAndErrorWcF", "TrialAndErrorWcF\TrialAndErrorWcF.csproj", "{AA99F03C-68FF-4325-9970-8F59EC9E659C}"
EndProject
Project("{FAE04EC0-301F-11D3-BF4B-00C04F79EFBC}") = "TestClient", "TestClient\TestClient.csproj", "{FB1C4454-36AD-4061-9646-D1571D59A021}"
	ProjectSection(ProjectDependencies) = postProject
		{AA99F03C-68FF-4325-9970-8F59EC9E659C} = {AA99F03C-68FF-4325-9970-8F59EC9E659C}
	EndProjectSection
EndProject
Global
	GlobalSection(SolutionConfigurationPlatforms) = preSolution
		Debug|Any CPU = Debug|Any CPU
		Release|Any CPU = Release|Any CPU
	EndGlobalSection
	GlobalSection(ProjectConfigurationPlatforms) = postSolution
		{AA99F03C-68FF-4325-9970-8F59EC9E659C}.Debug|Any CPU.ActiveCfg = Debug|Any CPU
		{AA99F03C-68FF-4325-9970-8F59EC9E659C}.Debug|Any CPU.Build.0 = Debug|Any CPU
		{AA99F03C-68FF-4325-9970-8F59EC9E659C}.Release|Any CPU.ActiveCfg = Release|Any CPU
		{AA99F03C-68FF-4325-9970-8F59EC9E659C}.Release|Any CPU.Build.0 = Release|Any CPU
		{FB1C4454-36AD-4061-9646-D1571D59A021}.Debug|Any CPU.ActiveCfg = Debug|Any CPU
		{FB1C4454-36AD-4061-9646-D1571D59A021}.Debug|Any CPU.Build.0 = Debug|Any CPU
		{FB1C4454-36AD-4061-9646-D1571D59A021}.Release|Any CPU.ActiveCfg = Release|Any CPU
		{FB1C4454-36AD-4061-9646-D1571D59A021}.Release|Any CPU.Build.0 = Release|Any CPU
	EndGlobalSection
	GlobalSection(SolutionProperties) = preSolution
		HideSolutionNode = FALSE
	EndGlobalSection
	GlobalSection(ExtensibilityGlobals) = postSolution
		SolutionGuid = {AA050D59-EC7E-4B3F-9903-110E25B9194A}
	EndGlobalSection
EndGlobal
